// !$*UTF8*$!
{
	archiveVersion = 1;
	classes = {
	};
	objectVersion = 55;
	objects = {

/* Begin PBXBuildFile section */
		08149D898B669E79A97C3B2D /* Pods_VK.framework in Frameworks */ = {isa = PBXBuildFile; fileRef = E6010D43C1D2303A7B8CD958 /* Pods_VK.framework */; };
		CE06AEDE285650B500A0BDB4 /* DropShadowView.swift in Sources */ = {isa = PBXBuildFile; fileRef = CE06AEDD285650B500A0BDB4 /* DropShadowView.swift */; };
		CE10C795284D00A2004519F8 /* Friend.swift in Sources */ = {isa = PBXBuildFile; fileRef = CE10C794284D00A2004519F8 /* Friend.swift */; };
		CE10C797284DD319004519F8 /* AllGroupController.swift in Sources */ = {isa = PBXBuildFile; fileRef = CE10C796284DD319004519F8 /* AllGroupController.swift */; };
		CE10C799284DD364004519F8 /* MyFriendsController.swift in Sources */ = {isa = PBXBuildFile; fileRef = CE10C798284DD364004519F8 /* MyFriendsController.swift */; };
		CE10C79F284DDD54004519F8 /* CustomTableViewCell.swift in Sources */ = {isa = PBXBuildFile; fileRef = CE10C79D284DDD54004519F8 /* CustomTableViewCell.swift */; };
		CE10C7A0284DDD54004519F8 /* CustomTableViewCell.xib in Resources */ = {isa = PBXBuildFile; fileRef = CE10C79E284DDD54004519F8 /* CustomTableViewCell.xib */; };
		CE1309C028678CAC007FF7AD /* HorisontView.swift in Sources */ = {isa = PBXBuildFile; fileRef = CE1309BF28678CAC007FF7AD /* HorisontView.swift */; };
		CE1309C228678D20007FF7AD /* HorisontGalleryView.xib in Resources */ = {isa = PBXBuildFile; fileRef = CE1309C128678D1F007FF7AD /* HorisontGalleryView.xib */; };
		CE1309C428678E56007FF7AD /* GalleryViewController.swift in Sources */ = {isa = PBXBuildFile; fileRef = CE1309C328678E56007FF7AD /* GalleryViewController.swift */; };
		CE135BDF2855C2010097A31C /* LikeControlView.swift in Sources */ = {isa = PBXBuildFile; fileRef = CE135BDE2855C2010097A31C /* LikeControlView.swift */; };
		CE135BE22855C2D90097A31C /* LikeControlView.xib in Resources */ = {isa = PBXBuildFile; fileRef = CE135BE12855C2D90097A31C /* LikeControlView.xib */; };
		CE3B1D6B2869AACE000DA0DC /* CustomSeque.swift in Sources */ = {isa = PBXBuildFile; fileRef = CE3B1D6A2869AACE000DA0DC /* CustomSeque.swift */; };
		CE657CC628856421009F879B /* AuthVKViewController.swift in Sources */ = {isa = PBXBuildFile; fileRef = CE657CC528856421009F879B /* AuthVKViewController.swift */; };
		CE657CC828859362009F879B /* GetVKRequests.swift in Sources */ = {isa = PBXBuildFile; fileRef = CE657CC728859362009F879B /* GetVKRequests.swift */; };
		CE8A3D53287DA664004EFB59 /* Session.swift in Sources */ = {isa = PBXBuildFile; fileRef = CE8A3D52287DA664004EFB59 /* Session.swift */; };
		CEB7DAD9284F93DA0041E33E /* MyGroupViewController.swift in Sources */ = {isa = PBXBuildFile; fileRef = CEB7DAD8284F93DA0041E33E /* MyGroupViewController.swift */; };
		CEB7DADB284F95A80041E33E /* Group.swift in Sources */ = {isa = PBXBuildFile; fileRef = CEB7DADA284F95A80041E33E /* Group.swift */; };
		CED10AA32838C07100557A05 /* AppDelegate.swift in Sources */ = {isa = PBXBuildFile; fileRef = CED10AA22838C07100557A05 /* AppDelegate.swift */; };
		CED10AA52838C07100557A05 /* SceneDelegate.swift in Sources */ = {isa = PBXBuildFile; fileRef = CED10AA42838C07100557A05 /* SceneDelegate.swift */; };
		CED10AA72838C07100557A05 /* LoginViewController.swift in Sources */ = {isa = PBXBuildFile; fileRef = CED10AA62838C07100557A05 /* LoginViewController.swift */; };
		CED10AAA2838C07100557A05 /* Main.storyboard in Resources */ = {isa = PBXBuildFile; fileRef = CED10AA82838C07100557A05 /* Main.storyboard */; };
		CED10AAC2838C07700557A05 /* Assets.xcassets in Resources */ = {isa = PBXBuildFile; fileRef = CED10AAB2838C07700557A05 /* Assets.xcassets */; };
		CED10AAF2838C07700557A05 /* LaunchScreen.storyboard in Resources */ = {isa = PBXBuildFile; fileRef = CED10AAD2838C07700557A05 /* LaunchScreen.storyboard */; };
		CEE6C999286AEA9100702238 /* CustomNavigationController.swift in Sources */ = {isa = PBXBuildFile; fileRef = CEE6C998286AEA9100702238 /* CustomNavigationController.swift */; };
		CEF17E61284F31C500E6D1B4 /* PhotoCollectionViewCell.swift in Sources */ = {isa = PBXBuildFile; fileRef = CEF17E5F284F31C500E6D1B4 /* PhotoCollectionViewCell.swift */; };
		CEF17E62284F31C500E6D1B4 /* PhotoCollectionViewCell.xib in Resources */ = {isa = PBXBuildFile; fileRef = CEF17E60284F31C500E6D1B4 /* PhotoCollectionViewCell.xib */; };
		CEF17E64284F33FC00E6D1B4 /* PhotoAlbumViewController.swift in Sources */ = {isa = PBXBuildFile; fileRef = CEF17E63284F33FC00E6D1B4 /* PhotoAlbumViewController.swift */; };
		CEF17E66284F3C4900E6D1B4 /* Resources.swift in Sources */ = {isa = PBXBuildFile; fileRef = CEF17E65284F3C4900E6D1B4 /* Resources.swift */; };
		CEF17E69284F570600E6D1B4 /* PhotoAlbumController+CollectionDataSource.swift in Sources */ = {isa = PBXBuildFile; fileRef = CEF17E68284F570600E6D1B4 /* PhotoAlbumController+CollectionDataSource.swift */; };
		CEF17E6B284F57EE00E6D1B4 /* PhotoAlbumController+CollectionDelegate.swift in Sources */ = {isa = PBXBuildFile; fileRef = CEF17E6A284F57EE00E6D1B4 /* PhotoAlbumController+CollectionDelegate.swift */; };
		CEF17E6E284F592100E6D1B4 /* PhotoAlbumController+CollectionLayout.swift in Sources */ = {isa = PBXBuildFile; fileRef = CEF17E6D284F592100E6D1B4 /* PhotoAlbumController+CollectionLayout.swift */; };
		CEF17E71284F5AB300E6D1B4 /* MyFriendsController+TableDataSource.swift in Sources */ = {isa = PBXBuildFile; fileRef = CEF17E70284F5AB300E6D1B4 /* MyFriendsController+TableDataSource.swift */; };
		CEF17E73284F5AFC00E6D1B4 /* MyFriendsController+TableDelegate.swift in Sources */ = {isa = PBXBuildFile; fileRef = CEF17E72284F5AFC00E6D1B4 /* MyFriendsController+TableDelegate.swift */; };
/* End PBXBuildFile section */

/* Begin PBXFileReference section */
		818A12AAFB545CB709DDF5FB /* Pods-VK.release.xcconfig */ = {isa = PBXFileReference; includeInIndex = 1; lastKnownFileType = text.xcconfig; name = "Pods-VK.release.xcconfig"; path = "Target Support Files/Pods-VK/Pods-VK.release.xcconfig"; sourceTree = "<group>"; };
		CE06AEDD285650B500A0BDB4 /* DropShadowView.swift */ = {isa = PBXFileReference; lastKnownFileType = sourcecode.swift; path = DropShadowView.swift; sourceTree = "<group>"; };
		CE10C794284D00A2004519F8 /* Friend.swift */ = {isa = PBXFileReference; lastKnownFileType = sourcecode.swift; path = Friend.swift; sourceTree = "<group>"; };
		CE10C796284DD319004519F8 /* AllGroupController.swift */ = {isa = PBXFileReference; lastKnownFileType = sourcecode.swift; path = AllGroupController.swift; sourceTree = "<group>"; };
		CE10C798284DD364004519F8 /* MyFriendsController.swift */ = {isa = PBXFileReference; lastKnownFileType = sourcecode.swift; path = MyFriendsController.swift; sourceTree = "<group>"; };
		CE10C79D284DDD54004519F8 /* CustomTableViewCell.swift */ = {isa = PBXFileReference; fileEncoding = 4; lastKnownFileType = sourcecode.swift; path = CustomTableViewCell.swift; sourceTree = "<group>"; };
		CE10C79E284DDD54004519F8 /* CustomTableViewCell.xib */ = {isa = PBXFileReference; fileEncoding = 4; lastKnownFileType = file.xib; path = CustomTableViewCell.xib; sourceTree = "<group>"; };
		CE1309BF28678CAC007FF7AD /* HorisontView.swift */ = {isa = PBXFileReference; lastKnownFileType = sourcecode.swift; path = HorisontView.swift; sourceTree = "<group>"; };
		CE1309C128678D1F007FF7AD /* HorisontGalleryView.xib */ = {isa = PBXFileReference; lastKnownFileType = file.xib; path = HorisontGalleryView.xib; sourceTree = "<group>"; };
		CE1309C328678E56007FF7AD /* GalleryViewController.swift */ = {isa = PBXFileReference; lastKnownFileType = sourcecode.swift; path = GalleryViewController.swift; sourceTree = "<group>"; };
		CE135BDE2855C2010097A31C /* LikeControlView.swift */ = {isa = PBXFileReference; lastKnownFileType = sourcecode.swift; path = LikeControlView.swift; sourceTree = "<group>"; };
		CE135BE12855C2D90097A31C /* LikeControlView.xib */ = {isa = PBXFileReference; lastKnownFileType = file.xib; path = LikeControlView.xib; sourceTree = "<group>"; };
		CE3B1D6A2869AACE000DA0DC /* CustomSeque.swift */ = {isa = PBXFileReference; lastKnownFileType = sourcecode.swift; path = CustomSeque.swift; sourceTree = "<group>"; };
		CE657CC528856421009F879B /* AuthVKViewController.swift */ = {isa = PBXFileReference; lastKnownFileType = sourcecode.swift; path = AuthVKViewController.swift; sourceTree = "<group>"; };
		CE657CC728859362009F879B /* GetVKRequests.swift */ = {isa = PBXFileReference; lastKnownFileType = sourcecode.swift; path = GetVKRequests.swift; sourceTree = "<group>"; };
		CE8A3D52287DA664004EFB59 /* Session.swift */ = {isa = PBXFileReference; lastKnownFileType = sourcecode.swift; path = Session.swift; sourceTree = "<group>"; };
		CEB7DAD8284F93DA0041E33E /* MyGroupViewController.swift */ = {isa = PBXFileReference; lastKnownFileType = sourcecode.swift; path = MyGroupViewController.swift; sourceTree = "<group>"; };
		CEB7DADA284F95A80041E33E /* Group.swift */ = {isa = PBXFileReference; lastKnownFileType = sourcecode.swift; path = Group.swift; sourceTree = "<group>"; };
		CED10A9F2838C07100557A05 /* VK.app */ = {isa = PBXFileReference; explicitFileType = wrapper.application; includeInIndex = 0; path = VK.app; sourceTree = BUILT_PRODUCTS_DIR; };
		CED10AA22838C07100557A05 /* AppDelegate.swift */ = {isa = PBXFileReference; lastKnownFileType = sourcecode.swift; path = AppDelegate.swift; sourceTree = "<group>"; };
		CED10AA42838C07100557A05 /* SceneDelegate.swift */ = {isa = PBXFileReference; lastKnownFileType = sourcecode.swift; path = SceneDelegate.swift; sourceTree = "<group>"; };
		CED10AA62838C07100557A05 /* LoginViewController.swift */ = {isa = PBXFileReference; lastKnownFileType = sourcecode.swift; path = LoginViewController.swift; sourceTree = "<group>"; };
		CED10AA92838C07100557A05 /* Base */ = {isa = PBXFileReference; lastKnownFileType = file.storyboard; name = Base; path = Base.lproj/Main.storyboard; sourceTree = "<group>"; };
		CED10AAB2838C07700557A05 /* Assets.xcassets */ = {isa = PBXFileReference; lastKnownFileType = folder.assetcatalog; path = Assets.xcassets; sourceTree = "<group>"; };
		CED10AAE2838C07700557A05 /* Base */ = {isa = PBXFileReference; lastKnownFileType = file.storyboard; name = Base; path = Base.lproj/LaunchScreen.storyboard; sourceTree = "<group>"; };
		CED10AB02838C07700557A05 /* Info.plist */ = {isa = PBXFileReference; lastKnownFileType = text.plist.xml; path = Info.plist; sourceTree = "<group>"; };
		CEE6C998286AEA9100702238 /* CustomNavigationController.swift */ = {isa = PBXFileReference; lastKnownFileType = sourcecode.swift; path = CustomNavigationController.swift; sourceTree = "<group>"; };
		CEF17E5F284F31C500E6D1B4 /* PhotoCollectionViewCell.swift */ = {isa = PBXFileReference; lastKnownFileType = sourcecode.swift; path = PhotoCollectionViewCell.swift; sourceTree = "<group>"; };
		CEF17E60284F31C500E6D1B4 /* PhotoCollectionViewCell.xib */ = {isa = PBXFileReference; lastKnownFileType = file.xib; path = PhotoCollectionViewCell.xib; sourceTree = "<group>"; };
		CEF17E63284F33FC00E6D1B4 /* PhotoAlbumViewController.swift */ = {isa = PBXFileReference; lastKnownFileType = sourcecode.swift; path = PhotoAlbumViewController.swift; sourceTree = "<group>"; };
		CEF17E65284F3C4900E6D1B4 /* Resources.swift */ = {isa = PBXFileReference; lastKnownFileType = sourcecode.swift; path = Resources.swift; sourceTree = "<group>"; };
		CEF17E68284F570600E6D1B4 /* PhotoAlbumController+CollectionDataSource.swift */ = {isa = PBXFileReference; lastKnownFileType = sourcecode.swift; path = "PhotoAlbumController+CollectionDataSource.swift"; sourceTree = "<group>"; };
		CEF17E6A284F57EE00E6D1B4 /* PhotoAlbumController+CollectionDelegate.swift */ = {isa = PBXFileReference; lastKnownFileType = sourcecode.swift; path = "PhotoAlbumController+CollectionDelegate.swift"; sourceTree = "<group>"; };
		CEF17E6D284F592100E6D1B4 /* PhotoAlbumController+CollectionLayout.swift */ = {isa = PBXFileReference; lastKnownFileType = sourcecode.swift; path = "PhotoAlbumController+CollectionLayout.swift"; sourceTree = "<group>"; };
		CEF17E70284F5AB300E6D1B4 /* MyFriendsController+TableDataSource.swift */ = {isa = PBXFileReference; lastKnownFileType = sourcecode.swift; path = "MyFriendsController+TableDataSource.swift"; sourceTree = "<group>"; };
		CEF17E72284F5AFC00E6D1B4 /* MyFriendsController+TableDelegate.swift */ = {isa = PBXFileReference; lastKnownFileType = sourcecode.swift; path = "MyFriendsController+TableDelegate.swift"; sourceTree = "<group>"; };
		E6010D43C1D2303A7B8CD958 /* Pods_VK.framework */ = {isa = PBXFileReference; explicitFileType = wrapper.framework; includeInIndex = 0; path = Pods_VK.framework; sourceTree = BUILT_PRODUCTS_DIR; };
		F9887F088023570AAF0017A3 /* Pods-VK.debug.xcconfig */ = {isa = PBXFileReference; includeInIndex = 1; lastKnownFileType = text.xcconfig; name = "Pods-VK.debug.xcconfig"; path = "Target Support Files/Pods-VK/Pods-VK.debug.xcconfig"; sourceTree = "<group>"; };
/* End PBXFileReference section */

/* Begin PBXFrameworksBuildPhase section */
		CED10A9C2838C07100557A05 /* Frameworks */ = {
			isa = PBXFrameworksBuildPhase;
			buildActionMask = 2147483647;
			files = (
				08149D898B669E79A97C3B2D /* Pods_VK.framework in Frameworks */,
			);
			runOnlyForDeploymentPostprocessing = 0;
		};
/* End PBXFrameworksBuildPhase section */

/* Begin PBXGroup section */
		27C459D4BFD8F63DAFCFBA1C /* Pods */ = {
			isa = PBXGroup;
			children = (
				F9887F088023570AAF0017A3 /* Pods-VK.debug.xcconfig */,
				818A12AAFB545CB709DDF5FB /* Pods-VK.release.xcconfig */,
			);
			path = Pods;
			sourceTree = "<group>";
		};
		48275C6C73CD5431C342E185 /* Frameworks */ = {
			isa = PBXGroup;
			children = (
				E6010D43C1D2303A7B8CD958 /* Pods_VK.framework */,
			);
			name = Frameworks;
			sourceTree = "<group>";
		};
		CE10C793284D0071004519F8 /* Model */ = {
			isa = PBXGroup;
			children = (
				CE10C794284D00A2004519F8 /* Friend.swift */,
				CEB7DADA284F95A80041E33E /* Group.swift */,
			);
			path = Model;
			sourceTree = "<group>";
		};
		CE10C79A284DD44C004519F8 /* Controllers */ = {
			isa = PBXGroup;
			children = (
				CE657CC528856421009F879B /* AuthVKViewController.swift */,
				CE657CC728859362009F879B /* GetVKRequests.swift */,
				CED10AA62838C07100557A05 /* LoginViewController.swift */,
				CE10C796284DD319004519F8 /* AllGroupController.swift */,
				CEB7DAD8284F93DA0041E33E /* MyGroupViewController.swift */,
				CE10C79C284DDC0C004519F8 /* Cells */,
				CEF17E6F284F5A7F00E6D1B4 /* MyFriendsController */,
				CEF17E67284F567300E6D1B4 /* PhotoAlbumController */,
			);
			path = Controllers;
			sourceTree = "<group>";
		};
		CE10C79B284DD47D004519F8 /* System */ = {
			isa = PBXGroup;
			children = (
				CE3B1D6A2869AACE000DA0DC /* CustomSeque.swift */,
				CED10AA42838C07100557A05 /* SceneDelegate.swift */,
				CED10AA22838C07100557A05 /* AppDelegate.swift */,
			);
			path = System;
			sourceTree = "<group>";
		};
		CE10C79C284DDC0C004519F8 /* Cells */ = {
			isa = PBXGroup;
			children = (
				CE135BE32855C32D0097A31C /* LikeView */,
				CE10C79D284DDD54004519F8 /* CustomTableViewCell.swift */,
				CE06AEDD285650B500A0BDB4 /* DropShadowView.swift */,
				CE10C79E284DDD54004519F8 /* CustomTableViewCell.xib */,
				CEF17E5F284F31C500E6D1B4 /* PhotoCollectionViewCell.swift */,
				CEF17E60284F31C500E6D1B4 /* PhotoCollectionViewCell.xib */,
			);
			path = Cells;
			sourceTree = "<group>";
		};
		CE1309C628687874007FF7AD /* GalleryFriend */ = {
			isa = PBXGroup;
			children = (
				CE1309BF28678CAC007FF7AD /* HorisontView.swift */,
				CE1309C328678E56007FF7AD /* GalleryViewController.swift */,
				CE1309C128678D1F007FF7AD /* HorisontGalleryView.xib */,
			);
			path = GalleryFriend;
			sourceTree = "<group>";
		};
		CE135BE32855C32D0097A31C /* LikeView */ = {
			isa = PBXGroup;
			children = (
				CE135BDE2855C2010097A31C /* LikeControlView.swift */,
				CE135BE12855C2D90097A31C /* LikeControlView.xib */,
			);
			path = LikeView;
			sourceTree = "<group>";
		};
		CE8A3D54287DA670004EFB59 /* Singleton */ = {
			isa = PBXGroup;
			children = (
				CE8A3D52287DA664004EFB59 /* Session.swift */,
			);
			path = Singleton;
			sourceTree = "<group>";
		};
		CED10A962838C07100557A05 = {
			isa = PBXGroup;
			children = (
				CED10AA12838C07100557A05 /* 1 */,
				CED10AA02838C07100557A05 /* Products */,
				27C459D4BFD8F63DAFCFBA1C /* Pods */,
				48275C6C73CD5431C342E185 /* Frameworks */,
			);
			sourceTree = "<group>";
		};
		CED10AA02838C07100557A05 /* Products */ = {
			isa = PBXGroup;
			children = (
				CED10A9F2838C07100557A05 /* VK.app */,
			);
			name = Products;
			sourceTree = "<group>";
		};
		CED10AA12838C07100557A05 /* 1 */ = {
			isa = PBXGroup;
			children = (
				CED10AAD2838C07700557A05 /* LaunchScreen.storyboard */,
				CED10AA82838C07100557A05 /* Main.storyboard */,
				CE8A3D54287DA670004EFB59 /* Singleton */,
				CEE6C99C286AFA2500702238 /* CustomNavigationController */,
				CE10C793284D0071004519F8 /* Model */,
				CE10C79A284DD44C004519F8 /* Controllers */,
				CE1309C628687874007FF7AD /* GalleryFriend */,
				CE10C79B284DD47D004519F8 /* System */,
				CED10AAB2838C07700557A05 /* Assets.xcassets */,
				CED10AB02838C07700557A05 /* Info.plist */,
			);
			path = 1;
			sourceTree = "<group>";
		};
		CEE6C99C286AFA2500702238 /* CustomNavigationController */ = {
			isa = PBXGroup;
			children = (
				CEE6C998286AEA9100702238 /* CustomNavigationController.swift */,
			);
			path = CustomNavigationController;
			sourceTree = "<group>";
		};
		CEF17E67284F567300E6D1B4 /* PhotoAlbumController */ = {
			isa = PBXGroup;
			children = (
				CEF17E65284F3C4900E6D1B4 /* Resources.swift */,
				CEF17E63284F33FC00E6D1B4 /* PhotoAlbumViewController.swift */,
				CEF17E68284F570600E6D1B4 /* PhotoAlbumController+CollectionDataSource.swift */,
				CEF17E6A284F57EE00E6D1B4 /* PhotoAlbumController+CollectionDelegate.swift */,
				CEF17E6D284F592100E6D1B4 /* PhotoAlbumController+CollectionLayout.swift */,
			);
			path = PhotoAlbumController;
			sourceTree = "<group>";
		};
		CEF17E6F284F5A7F00E6D1B4 /* MyFriendsController */ = {
			isa = PBXGroup;
			children = (
				CE10C798284DD364004519F8 /* MyFriendsController.swift */,
				CEF17E70284F5AB300E6D1B4 /* MyFriendsController+TableDataSource.swift */,
				CEF17E72284F5AFC00E6D1B4 /* MyFriendsController+TableDelegate.swift */,
			);
			path = MyFriendsController;
			sourceTree = "<group>";
		};
/* End PBXGroup section */

/* Begin PBXNativeTarget section */
		CED10A9E2838C07100557A05 /* VK */ = {
			isa = PBXNativeTarget;
			buildConfigurationList = CED10AB32838C07700557A05 /* Build configuration list for PBXNativeTarget "VK" */;
			buildPhases = (
				575F33C9E4A7D6062709051E /* [CP] Check Pods Manifest.lock */,
				CED10A9B2838C07100557A05 /* Sources */,
				CED10A9C2838C07100557A05 /* Frameworks */,
				CED10A9D2838C07100557A05 /* Resources */,
				9896894F1C12FE2190A8DE14 /* [CP] Embed Pods Frameworks */,
			);
			buildRules = (
			);
			dependencies = (
			);
			name = VK;
			productName = 1;
			productReference = CED10A9F2838C07100557A05 /* VK.app */;
			productType = "com.apple.product-type.application";
		};
/* End PBXNativeTarget section */

/* Begin PBXProject section */
		CED10A972838C07100557A05 /* Project object */ = {
			isa = PBXProject;
			attributes = {
				BuildIndependentTargetsInParallel = 1;
				LastSwiftUpdateCheck = 1330;
				LastUpgradeCheck = 1330;
				TargetAttributes = {
					CED10A9E2838C07100557A05 = {
						CreatedOnToolsVersion = 13.3.1;
					};
				};
			};
			buildConfigurationList = CED10A9A2838C07100557A05 /* Build configuration list for PBXProject "VK" */;
			compatibilityVersion = "Xcode 13.0";
			developmentRegion = en;
			hasScannedForEncodings = 0;
			knownRegions = (
				en,
				Base,
			);
			mainGroup = CED10A962838C07100557A05;
			productRefGroup = CED10AA02838C07100557A05 /* Products */;
			projectDirPath = "";
			projectRoot = "";
			targets = (
				CED10A9E2838C07100557A05 /* VK */,
			);
		};
/* End PBXProject section */

/* Begin PBXResourcesBuildPhase section */
		CED10A9D2838C07100557A05 /* Resources */ = {
			isa = PBXResourcesBuildPhase;
			buildActionMask = 2147483647;
			files = (
				CED10AAF2838C07700557A05 /* LaunchScreen.storyboard in Resources */,
				CE1309C228678D20007FF7AD /* HorisontGalleryView.xib in Resources */,
				CE135BE22855C2D90097A31C /* LikeControlView.xib in Resources */,
				CEF17E62284F31C500E6D1B4 /* PhotoCollectionViewCell.xib in Resources */,
				CED10AAC2838C07700557A05 /* Assets.xcassets in Resources */,
				CE10C7A0284DDD54004519F8 /* CustomTableViewCell.xib in Resources */,
				CED10AAA2838C07100557A05 /* Main.storyboard in Resources */,
			);
			runOnlyForDeploymentPostprocessing = 0;
		};
/* End PBXResourcesBuildPhase section */

/* Begin PBXShellScriptBuildPhase section */
		575F33C9E4A7D6062709051E /* [CP] Check Pods Manifest.lock */ = {
			isa = PBXShellScriptBuildPhase;
			buildActionMask = 2147483647;
			files = (
			);
			inputFileListPaths = (
			);
			inputPaths = (
				"${PODS_PODFILE_DIR_PATH}/Podfile.lock",
				"${PODS_ROOT}/Manifest.lock",
			);
			name = "[CP] Check Pods Manifest.lock";
			outputFileListPaths = (
			);
			outputPaths = (
				"$(DERIVED_FILE_DIR)/Pods-VK-checkManifestLockResult.txt",
			);
			runOnlyForDeploymentPostprocessing = 0;
			shellPath = /bin/sh;
			shellScript = "diff \"${PODS_PODFILE_DIR_PATH}/Podfile.lock\" \"${PODS_ROOT}/Manifest.lock\" > /dev/null\nif [ $? != 0 ] ; then\n    # print error to STDERR\n    echo \"error: The sandbox is not in sync with the Podfile.lock. Run 'pod install' or update your CocoaPods installation.\" >&2\n    exit 1\nfi\n# This output is used by Xcode 'outputs' to avoid re-running this script phase.\necho \"SUCCESS\" > \"${SCRIPT_OUTPUT_FILE_0}\"\n";
			showEnvVarsInLog = 0;
		};
		9896894F1C12FE2190A8DE14 /* [CP] Embed Pods Frameworks */ = {
			isa = PBXShellScriptBuildPhase;
			buildActionMask = 2147483647;
			files = (
			);
			inputFileListPaths = (
				"${PODS_ROOT}/Target Support Files/Pods-VK/Pods-VK-frameworks-${CONFIGURATION}-input-files.xcfilelist",
			);
			name = "[CP] Embed Pods Frameworks";
			outputFileListPaths = (
				"${PODS_ROOT}/Target Support Files/Pods-VK/Pods-VK-frameworks-${CONFIGURATION}-output-files.xcfilelist",
			);
			runOnlyForDeploymentPostprocessing = 0;
			shellPath = /bin/sh;
			shellScript = "\"${PODS_ROOT}/Target Support Files/Pods-VK/Pods-VK-frameworks.sh\"\n";
			showEnvVarsInLog = 0;
		};
/* End PBXShellScriptBuildPhase section */

/* Begin PBXSourcesBuildPhase section */
		CED10A9B2838C07100557A05 /* Sources */ = {
			isa = PBXSourcesBuildPhase;
			buildActionMask = 2147483647;
			files = (
				CED10AA72838C07100557A05 /* LoginViewController.swift in Sources */,
				CEB7DADB284F95A80041E33E /* Group.swift in Sources */,
				CE1309C028678CAC007FF7AD /* HorisontView.swift in Sources */,
				CEF17E61284F31C500E6D1B4 /* PhotoCollectionViewCell.swift in Sources */,
				CEF17E64284F33FC00E6D1B4 /* PhotoAlbumViewController.swift in Sources */,
				CEE6C999286AEA9100702238 /* CustomNavigationController.swift in Sources */,
				CEF17E66284F3C4900E6D1B4 /* Resources.swift in Sources */,
				CEF17E73284F5AFC00E6D1B4 /* MyFriendsController+TableDelegate.swift in Sources */,
				CE10C799284DD364004519F8 /* MyFriendsController.swift in Sources */,
				CEF17E6B284F57EE00E6D1B4 /* PhotoAlbumController+CollectionDelegate.swift in Sources */,
				CED10AA32838C07100557A05 /* AppDelegate.swift in Sources */,
				CE657CC628856421009F879B /* AuthVKViewController.swift in Sources */,
				CEB7DAD9284F93DA0041E33E /* MyGroupViewController.swift in Sources */,
				CE10C79F284DDD54004519F8 /* CustomTableViewCell.swift in Sources */,
				CED10AA52838C07100557A05 /* SceneDelegate.swift in Sources */,
				CEF17E69284F570600E6D1B4 /* PhotoAlbumController+CollectionDataSource.swift in Sources */,
				CE135BDF2855C2010097A31C /* LikeControlView.swift in Sources */,
				CE657CC828859362009F879B /* GetVKRequests.swift in Sources */,
				CE1309C428678E56007FF7AD /* GalleryViewController.swift in Sources */,
				CE3B1D6B2869AACE000DA0DC /* CustomSeque.swift in Sources */,
				CE06AEDE285650B500A0BDB4 /* DropShadowView.swift in Sources */,
				CE10C797284DD319004519F8 /* AllGroupController.swift in Sources */,
				CE8A3D53287DA664004EFB59 /* Session.swift in Sources */,
				CEF17E71284F5AB300E6D1B4 /* MyFriendsController+TableDataSource.swift in Sources */,
				CE10C795284D00A2004519F8 /* Friend.swift in Sources */,
				CEF17E6E284F592100E6D1B4 /* PhotoAlbumController+CollectionLayout.swift in Sources */,
			);
			runOnlyForDeploymentPostprocessing = 0;
		};
/* End PBXSourcesBuildPhase section */

/* Begin PBXVariantGroup section */
		CED10AA82838C07100557A05 /* Main.storyboard */ = {
			isa = PBXVariantGroup;
			children = (
				CED10AA92838C07100557A05 /* Base */,
			);
			name = Main.storyboard;
			sourceTree = "<group>";
		};
		CED10AAD2838C07700557A05 /* LaunchScreen.storyboard */ = {
			isa = PBXVariantGroup;
			children = (
				CED10AAE2838C07700557A05 /* Base */,
			);
			name = LaunchScreen.storyboard;
			sourceTree = "<group>";
		};
/* End PBXVariantGroup section */

/* Begin XCBuildConfiguration section */
		CED10AB12838C07700557A05 /* Debug */ = {
			isa = XCBuildConfiguration;
			buildSettings = {
				ALWAYS_SEARCH_USER_PATHS = NO;
				CLANG_ANALYZER_NONNULL = YES;
				CLANG_ANALYZER_NUMBER_OBJECT_CONVERSION = YES_AGGRESSIVE;
				CLANG_CXX_LANGUAGE_STANDARD = "gnu++17";
				CLANG_ENABLE_MODULES = YES;
				CLANG_ENABLE_OBJC_ARC = YES;
				CLANG_ENABLE_OBJC_WEAK = YES;
				CLANG_WARN_BLOCK_CAPTURE_AUTORELEASING = YES;
				CLANG_WARN_BOOL_CONVERSION = YES;
				CLANG_WARN_COMMA = YES;
				CLANG_WARN_CONSTANT_CONVERSION = YES;
				CLANG_WARN_DEPRECATED_OBJC_IMPLEMENTATIONS = YES;
				CLANG_WARN_DIRECT_OBJC_ISA_USAGE = YES_ERROR;
				CLANG_WARN_DOCUMENTATION_COMMENTS = YES;
				CLANG_WARN_EMPTY_BODY = YES;
				CLANG_WARN_ENUM_CONVERSION = YES;
				CLANG_WARN_INFINITE_RECURSION = YES;
				CLANG_WARN_INT_CONVERSION = YES;
				CLANG_WARN_NON_LITERAL_NULL_CONVERSION = YES;
				CLANG_WARN_OBJC_IMPLICIT_RETAIN_SELF = YES;
				CLANG_WARN_OBJC_LITERAL_CONVERSION = YES;
				CLANG_WARN_OBJC_ROOT_CLASS = YES_ERROR;
				CLANG_WARN_QUOTED_INCLUDE_IN_FRAMEWORK_HEADER = YES;
				CLANG_WARN_RANGE_LOOP_ANALYSIS = YES;
				CLANG_WARN_STRICT_PROTOTYPES = YES;
				CLANG_WARN_SUSPICIOUS_MOVE = YES;
				CLANG_WARN_UNGUARDED_AVAILABILITY = YES_AGGRESSIVE;
				CLANG_WARN_UNREACHABLE_CODE = YES;
				CLANG_WARN__DUPLICATE_METHOD_MATCH = YES;
				COPY_PHASE_STRIP = NO;
				DEBUG_INFORMATION_FORMAT = dwarf;
				ENABLE_STRICT_OBJC_MSGSEND = YES;
				ENABLE_TESTABILITY = YES;
				GCC_C_LANGUAGE_STANDARD = gnu11;
				GCC_DYNAMIC_NO_PIC = NO;
				GCC_NO_COMMON_BLOCKS = YES;
				GCC_OPTIMIZATION_LEVEL = 0;
				GCC_PREPROCESSOR_DEFINITIONS = (
					"DEBUG=1",
					"$(inherited)",
				);
				GCC_WARN_64_TO_32_BIT_CONVERSION = YES;
				GCC_WARN_ABOUT_RETURN_TYPE = YES_ERROR;
				GCC_WARN_UNDECLARED_SELECTOR = YES;
				GCC_WARN_UNINITIALIZED_AUTOS = YES_AGGRESSIVE;
				GCC_WARN_UNUSED_FUNCTION = YES;
				GCC_WARN_UNUSED_VARIABLE = YES;
				IPHONEOS_DEPLOYMENT_TARGET = 15.4;
				MTL_ENABLE_DEBUG_INFO = INCLUDE_SOURCE;
				MTL_FAST_MATH = YES;
				ONLY_ACTIVE_ARCH = YES;
				SDKROOT = iphoneos;
				SWIFT_ACTIVE_COMPILATION_CONDITIONS = DEBUG;
				SWIFT_OPTIMIZATION_LEVEL = "-Onone";
			};
			name = Debug;
		};
		CED10AB22838C07700557A05 /* Release */ = {
			isa = XCBuildConfiguration;
			buildSettings = {
				ALWAYS_SEARCH_USER_PATHS = NO;
				CLANG_ANALYZER_NONNULL = YES;
				CLANG_ANALYZER_NUMBER_OBJECT_CONVERSION = YES_AGGRESSIVE;
				CLANG_CXX_LANGUAGE_STANDARD = "gnu++17";
				CLANG_ENABLE_MODULES = YES;
				CLANG_ENABLE_OBJC_ARC = YES;
				CLANG_ENABLE_OBJC_WEAK = YES;
				CLANG_WARN_BLOCK_CAPTURE_AUTORELEASING = YES;
				CLANG_WARN_BOOL_CONVERSION = YES;
				CLANG_WARN_COMMA = YES;
				CLANG_WARN_CONSTANT_CONVERSION = YES;
				CLANG_WARN_DEPRECATED_OBJC_IMPLEMENTATIONS = YES;
				CLANG_WARN_DIRECT_OBJC_ISA_USAGE = YES_ERROR;
				CLANG_WARN_DOCUMENTATION_COMMENTS = YES;
				CLANG_WARN_EMPTY_BODY = YES;
				CLANG_WARN_ENUM_CONVERSION = YES;
				CLANG_WARN_INFINITE_RECURSION = YES;
				CLANG_WARN_INT_CONVERSION = YES;
				CLANG_WARN_NON_LITERAL_NULL_CONVERSION = YES;
				CLANG_WARN_OBJC_IMPLICIT_RETAIN_SELF = YES;
				CLANG_WARN_OBJC_LITERAL_CONVERSION = YES;
				CLANG_WARN_OBJC_ROOT_CLASS = YES_ERROR;
				CLANG_WARN_QUOTED_INCLUDE_IN_FRAMEWORK_HEADER = YES;
				CLANG_WARN_RANGE_LOOP_ANALYSIS = YES;
				CLANG_WARN_STRICT_PROTOTYPES = YES;
				CLANG_WARN_SUSPICIOUS_MOVE = YES;
				CLANG_WARN_UNGUARDED_AVAILABILITY = YES_AGGRESSIVE;
				CLANG_WARN_UNREACHABLE_CODE = YES;
				CLANG_WARN__DUPLICATE_METHOD_MATCH = YES;
				COPY_PHASE_STRIP = NO;
				DEBUG_INFORMATION_FORMAT = "dwarf-with-dsym";
				ENABLE_NS_ASSERTIONS = NO;
				ENABLE_STRICT_OBJC_MSGSEND = YES;
				GCC_C_LANGUAGE_STANDARD = gnu11;
				GCC_NO_COMMON_BLOCKS = YES;
				GCC_WARN_64_TO_32_BIT_CONVERSION = YES;
				GCC_WARN_ABOUT_RETURN_TYPE = YES_ERROR;
				GCC_WARN_UNDECLARED_SELECTOR = YES;
				GCC_WARN_UNINITIALIZED_AUTOS = YES_AGGRESSIVE;
				GCC_WARN_UNUSED_FUNCTION = YES;
				GCC_WARN_UNUSED_VARIABLE = YES;
				IPHONEOS_DEPLOYMENT_TARGET = 15.4;
				MTL_ENABLE_DEBUG_INFO = NO;
				MTL_FAST_MATH = YES;
				SDKROOT = iphoneos;
				SWIFT_COMPILATION_MODE = wholemodule;
				SWIFT_OPTIMIZATION_LEVEL = "-O";
				VALIDATE_PRODUCT = YES;
			};
			name = Release;
		};
		CED10AB42838C07700557A05 /* Debug */ = {
			isa = XCBuildConfiguration;
			baseConfigurationReference = F9887F088023570AAF0017A3 /* Pods-VK.debug.xcconfig */;
			buildSettings = {
				ASSETCATALOG_COMPILER_APPICON_NAME = AppIcon;
				ASSETCATALOG_COMPILER_GLOBAL_ACCENT_COLOR_NAME = AccentColor;
				CODE_SIGN_STYLE = Automatic;
				CURRENT_PROJECT_VERSION = 1;
				DEVELOPMENT_TEAM = 8C2J2DRGH6;
				GENERATE_INFOPLIST_FILE = YES;
				INFOPLIST_FILE = 1/Info.plist;
				INFOPLIST_KEY_LSApplicationCategoryType = "";
				INFOPLIST_KEY_UIApplicationSupportsIndirectInputEvents = YES;
				INFOPLIST_KEY_UILaunchStoryboardName = LaunchScreen;
				INFOPLIST_KEY_UIMainStoryboardFile = Main;
				INFOPLIST_KEY_UISupportedInterfaceOrientations = "UIInterfaceOrientationPortrait UIInterfaceOrientationLandscapeLeft UIInterfaceOrientationLandscapeRight";
				INFOPLIST_KEY_UISupportedInterfaceOrientations_iPad = "UIInterfaceOrientationPortrait UIInterfaceOrientationPortraitUpsideDown UIInterfaceOrientationLandscapeLeft UIInterfaceOrientationLandscapeRight";
				INFOPLIST_KEY_UISupportedInterfaceOrientations_iPhone = "UIInterfaceOrientationPortrait UIInterfaceOrientationLandscapeLeft UIInterfaceOrientationLandscapeRight";
				LD_RUNPATH_SEARCH_PATHS = (
					"$(inherited)",
					"@executable_path/Frameworks",
				);
				MARKETING_VERSION = 1.0;
				PRODUCT_BUNDLE_IDENTIFIER = "Andrey-Piskunov";
				PRODUCT_NAME = "$(TARGET_NAME)";
				SWIFT_EMIT_LOC_STRINGS = YES;
				SWIFT_VERSION = 5.0;
				TARGETED_DEVICE_FAMILY = "1,2";
			};
			name = Debug;
		};
		CED10AB52838C07700557A05 /* Release */ = {
			isa = XCBuildConfiguration;
			baseConfigurationReference = 818A12AAFB545CB709DDF5FB /* Pods-VK.release.xcconfig */;
			buildSettings = {
				ASSETCATALOG_COMPILER_APPICON_NAME = AppIcon;
				ASSETCATALOG_COMPILER_GLOBAL_ACCENT_COLOR_NAME = AccentColor;
				CODE_SIGN_STYLE = Automatic;
				CURRENT_PROJECT_VERSION = 1;
				DEVELOPMENT_TEAM = 8C2J2DRGH6;
				GENERATE_INFOPLIST_FILE = YES;
				INFOPLIST_FILE = 1/Info.plist;
				INFOPLIST_KEY_LSApplicationCategoryType = "";
				INFOPLIST_KEY_UIApplicationSupportsIndirectInputEvents = YES;
				INFOPLIST_KEY_UILaunchStoryboardName = LaunchScreen;
				INFOPLIST_KEY_UIMainStoryboardFile = Main;
				INFOPLIST_KEY_UISupportedInterfaceOrientations = "UIInterfaceOrientationPortrait UIInterfaceOrientationLandscapeLeft UIInterfaceOrientationLandscapeRight";
				INFOPLIST_KEY_UISupportedInterfaceOrientations_iPad = "UIInterfaceOrientationPortrait UIInterfaceOrientationPortraitUpsideDown UIInterfaceOrientationLandscapeLeft UIInterfaceOrientationLandscapeRight";
				INFOPLIST_KEY_UISupportedInterfaceOrientations_iPhone = "UIInterfaceOrientationPortrait UIInterfaceOrientationLandscapeLeft UIInterfaceOrientationLandscapeRight";
				LD_RUNPATH_SEARCH_PATHS = (
					"$(inherited)",
					"@executable_path/Frameworks",
				);
				MARKETING_VERSION = 1.0;
				PRODUCT_BUNDLE_IDENTIFIER = "Andrey-Piskunov";
				PRODUCT_NAME = "$(TARGET_NAME)";
				SWIFT_EMIT_LOC_STRINGS = YES;
				SWIFT_VERSION = 5.0;
				TARGETED_DEVICE_FAMILY = "1,2";
			};
			name = Release;
		};
/* End XCBuildConfiguration section */

/* Begin XCConfigurationList section */
		CED10A9A2838C07100557A05 /* Build configuration list for PBXProject "VK" */ = {
			isa = XCConfigurationList;
			buildConfigurations = (
				CED10AB12838C07700557A05 /* Debug */,
				CED10AB22838C07700557A05 /* Release */,
			);
			defaultConfigurationIsVisible = 0;
			defaultConfigurationName = Release;
		};
		CED10AB32838C07700557A05 /* Build configuration list for PBXNativeTarget "VK" */ = {
			isa = XCConfigurationList;
			buildConfigurations = (
				CED10AB42838C07700557A05 /* Debug */,
				CED10AB52838C07700557A05 /* Release */,
			);
			defaultConfigurationIsVisible = 0;
			defaultConfigurationName = Release;
		};
/* End XCConfigurationList section */
	};
	rootObject = CED10A972838C07100557A05 /* Project object */;
}
